
Microsoft Visual Studio Solution File, Format Version 12.00
# Visual Studio Version 17
VisualStudioVersion = 17.9.34728.123
MinimumVisualStudioVersion = 10.0.40219.1
Project("{FAE04EC0-301F-11D3-BF4B-00C04F79EFBC}") = "User_Inheritance", "User_Inheritance\User_Inheritance.csproj", "{748DB63D-7827-4CF8-858A-A4C2A1DC7290}"
EndProject
Global
	GlobalSection(SolutionConfigurationPlatforms) = preSolution
		Debug|Any CPU = Debug|Any CPU
		Release|Any CPU = Release|Any CPU
	EndGlobalSection
	GlobalSection(ProjectConfigurationPlatforms) = postSolution
		{748DB63D-7827-4CF8-858A-A4C2A1DC7290}.Debug|Any CPU.ActiveCfg = Debug|Any CPU
		{748DB63D-7827-4CF8-858A-A4C2A1DC7290}.Debug|Any CPU.Build.0 = Debug|Any CPU
		{748DB63D-7827-4CF8-858A-A4C2A1DC7290}.Release|Any CPU.ActiveCfg = Release|Any CPU
		{748DB63D-7827-4CF8-858A-A4C2A1DC7290}.Release|Any CPU.Build.0 = Release|Any CPU
	EndGlobalSection
	GlobalSection(SolutionProperties) = preSolution
		HideSolutionNode = FALSE
	EndGlobalSection
	GlobalSection(ExtensibilityGlobals) = postSolution
		SolutionGuid = {E4BF6E4D-93FE-4D56-80F3-31F4AD212989}
	EndGlobalSection
EndGlobal
